# DO NOT EDIT MANUALLY - Managed by Fern Replay
version: "1.0"
generations:
  - commit_sha: d3d57ed6914b8d7cf504586a53c1b195706fc1f7
    tree_hash: 9b216b3d4cc9d2f7d90ff797e015a0ad99d4abb3
    timestamp: 2026-10-02T16:29:50.981Z
    cli_version: unknown
    generator_versions: {}
  - commit_sha: 719617350a745cf7a03634f64b805ed8b32a5406
    tree_hash: 65f1fe261000aad6921fd7b75424290381d261e4
    timestamp: 2026-10-02T16:29:51.507Z
    cli_version: 0.66.0
    generator_versions:
      fernapi/fern-typescript-node-sdk: 0.51.5
current_generation: 719617350a745cf7a03634f64b805ed8b32a5406
patches: []
