# DO NOT EDIT MANUALLY - Managed by Fern Replay
version: "1.0"
generations:
  - commit_sha: d3d57ed6914b8d7cf504586a53c1b195706fc1f7
    tree_hash: 9b216b3d4cc9d2f7d90ff797e015a0ad99d4abb3
    timestamp: 2026-10-02T16:29:50.981Z
    cli_version: unknown
    generator_versions: {}
current_generation: d3d57ed6914b8d7cf504586a53c1b195706fc1f7
patches: []
